
Microsoft Visual Studio Solution File, Format Version 12.00
# Visual Studio 15
Project("{FAE04EC0-301F-11D3-BF4B-00C04F79EFBC}") = "Assembly-CSharp", "Assembly-CSharp.csproj", "{AA729633-BCAF-81E0-D55B-736D63C00A2E}"
EndProject
Project("{FAE04EC0-301F-11D3-BF4B-00C04F79EFBC}") = "Assembly-CSharp-Editor", "Assembly-CSharp-Editor.csproj", "{C528C8BB-EBC1-E27F-A709-6CAE644ED11E}"
EndProject
Global
	GlobalSection(SolutionConfigurationPlatforms) = preSolution
		Debug|Any CPU = Debug|Any CPU
		Release|Any CPU = Release|Any CPU
	EndGlobalSection
	GlobalSection(ProjectConfigurationPlatforms) = postSolution
		{AA729633-BCAF-81E0-D55B-736D63C00A2E}.Debug|Any CPU.ActiveCfg = Debug|Any CPU
		{AA729633-BCAF-81E0-D55B-736D63C00A2E}.Debug|Any CPU.Build.0 = Debug|Any CPU
		{AA729633-BCAF-81E0-D55B-736D63C00A2E}.Release|Any CPU.ActiveCfg = Release|Any CPU
		{AA729633-BCAF-81E0-D55B-736D63C00A2E}.Release|Any CPU.Build.0 = Release|Any CPU
		{C528C8BB-EBC1-E27F-A709-6CAE644ED11E}.Debug|Any CPU.ActiveCfg = Debug|Any CPU
		{C528C8BB-EBC1-E27F-A709-6CAE644ED11E}.Debug|Any CPU.Build.0 = Debug|Any CPU
		{C528C8BB-EBC1-E27F-A709-6CAE644ED11E}.Release|Any CPU.ActiveCfg = Release|Any CPU
		{C528C8BB-EBC1-E27F-A709-6CAE644ED11E}.Release|Any CPU.Build.0 = Release|Any CPU
	EndGlobalSection
	GlobalSection(SolutionProperties) = preSolution
		HideSolutionNode = FALSE
	EndGlobalSection
EndGlobal
